
Microsoft Visual Studio Solution File, Format Version 12.00
# Visual Studio 15
VisualStudioVersion = 15.0.28307.168
MinimumVisualStudioVersion = 10.0.40219.1
Project("{9A19103F-16F7-4668-BE54-9A1E7A4F7556}") = "Assignment_Two", "Assignment_Two\Assignment_Two.csproj", "{4096E7F3-4048-4CCC-B560-AC54A44E6171}"
EndProject
Project("{2150E333-8FDC-42A3-9474-1A3956D46DE8}") = "API", "API", "{64297166-1041-42CC-84D5-BEF0EB7966C9}"
EndProject
Global
	GlobalSection(SolutionConfigurationPlatforms) = preSolution
		Debug|Any CPU = Debug|Any CPU
		Release|Any CPU = Release|Any CPU
	EndGlobalSection
	GlobalSection(ProjectConfigurationPlatforms) = postSolution
		{4096E7F3-4048-4CCC-B560-AC54A44E6171}.Debug|Any CPU.ActiveCfg = Debug|Any CPU
		{4096E7F3-4048-4CCC-B560-AC54A44E6171}.Debug|Any CPU.Build.0 = Debug|Any CPU
		{4096E7F3-4048-4CCC-B560-AC54A44E6171}.Release|Any CPU.ActiveCfg = Release|Any CPU
		{4096E7F3-4048-4CCC-B560-AC54A44E6171}.Release|Any CPU.Build.0 = Release|Any CPU
	EndGlobalSection
	GlobalSection(SolutionProperties) = preSolution
		HideSolutionNode = FALSE
	EndGlobalSection
	GlobalSection(ExtensibilityGlobals) = postSolution
		SolutionGuid = {3FB16A34-053B-45AA-AC71-DB92F682CC85}
	EndGlobalSection
EndGlobal
